// !$*UTF8*$!
{
	archiveVersion = 1;
	classes = {
	};
	objectVersion = 55;
	objects = {

/* Begin PBXBuildFile section */
		8C38228727AD859300B1FA0F /* AppDelegate.swift in Sources */ = {isa = PBXBuildFile; fileRef = 8C38228627AD859300B1FA0F /* AppDelegate.swift */; };
		8C38228927AD859300B1FA0F /* SceneDelegate.swift in Sources */ = {isa = PBXBuildFile; fileRef = 8C38228827AD859300B1FA0F /* SceneDelegate.swift */; };
		8C38228B27AD859300B1FA0F /* ViewController.swift in Sources */ = {isa = PBXBuildFile; fileRef = 8C38228A27AD859300B1FA0F /* ViewController.swift */; };
		8C38228E27AD859300B1FA0F /* Main.storyboard in Resources */ = {isa = PBXBuildFile; fileRef = 8C38228C27AD859300B1FA0F /* Main.storyboard */; };
		8C38229027AD859500B1FA0F /* Assets.xcassets in Resources */ = {isa = PBXBuildFile; fileRef = 8C38228F27AD859500B1FA0F /* Assets.xcassets */; };
		8C38229327AD859500B1FA0F /* LaunchScreen.storyboard in Resources */ = {isa = PBXBuildFile; fileRef = 8C38229127AD859500B1FA0F /* LaunchScreen.storyboard */; };
		8C38229E27AD859500B1FA0F /* MyNewsTestTests.swift in Sources */ = {isa = PBXBuildFile; fileRef = 8C38229D27AD859500B1FA0F /* MyNewsTestTests.swift */; };
		8C3822A827AD859600B1FA0F /* MyNewsTestUITests.swift in Sources */ = {isa = PBXBuildFile; fileRef = 8C3822A727AD859600B1FA0F /* MyNewsTestUITests.swift */; };
		8C3822AA27AD859600B1FA0F /* MyNewsTestUITestsLaunchTests.swift in Sources */ = {isa = PBXBuildFile; fileRef = 8C3822A927AD859600B1FA0F /* MyNewsTestUITestsLaunchTests.swift */; };
		8C3822B727AD867100B1FA0F /* secondController.swift in Sources */ = {isa = PBXBuildFile; fileRef = 8C3822B627AD867100B1FA0F /* secondController.swift */; };
		8C3822BB27AD86BC00B1FA0F /* NetworkLayer.swift in Sources */ = {isa = PBXBuildFile; fileRef = 8C3822BA27AD86BC00B1FA0F /* NetworkLayer.swift */; };
		8C3822BD27AD86F300B1FA0F /* ModelForPars.swift in Sources */ = {isa = PBXBuildFile; fileRef = 8C3822BC27AD86F300B1FA0F /* ModelForPars.swift */; };
		8C3822BF27AD876000B1FA0F /* Article.swift in Sources */ = {isa = PBXBuildFile; fileRef = 8C3822BE27AD876000B1FA0F /* Article.swift */; };
		8C3822C127AD87E000B1FA0F /* TableViewCell.swift in Sources */ = {isa = PBXBuildFile; fileRef = 8C3822C027AD87E000B1FA0F /* TableViewCell.swift */; };
/* End PBXBuildFile section */

/* Begin PBXContainerItemProxy section */
		8C38229A27AD859500B1FA0F /* PBXContainerItemProxy */ = {
			isa = PBXContainerItemProxy;
			containerPortal = 8C38227B27AD859300B1FA0F /* Project object */;
			proxyType = 1;
			remoteGlobalIDString = 8C38228227AD859300B1FA0F;
			remoteInfo = MyNewsTest;
		};
		8C3822A427AD859600B1FA0F /* PBXContainerItemProxy */ = {
			isa = PBXContainerItemProxy;
			containerPortal = 8C38227B27AD859300B1FA0F /* Project object */;
			proxyType = 1;
			remoteGlobalIDString = 8C38228227AD859300B1FA0F;
			remoteInfo = MyNewsTest;
		};
/* End PBXContainerItemProxy section */

/* Begin PBXFileReference section */
		8C38228327AD859300B1FA0F /* MyNewsTest.app */ = {isa = PBXFileReference; explicitFileType = wrapper.application; includeInIndex = 0; path = MyNewsTest.app; sourceTree = BUILT_PRODUCTS_DIR; };
		8C38228627AD859300B1FA0F /* AppDelegate.swift */ = {isa = PBXFileReference; lastKnownFileType = sourcecode.swift; path = AppDelegate.swift; sourceTree = "<group>"; };
		8C38228827AD859300B1FA0F /* SceneDelegate.swift */ = {isa = PBXFileReference; lastKnownFileType = sourcecode.swift; path = SceneDelegate.swift; sourceTree = "<group>"; };
		8C38228A27AD859300B1FA0F /* ViewController.swift */ = {isa = PBXFileReference; lastKnownFileType = sourcecode.swift; path = ViewController.swift; sourceTree = "<group>"; };
		8C38228D27AD859300B1FA0F /* Base */ = {isa = PBXFileReference; lastKnownFileType = file.storyboard; name = Base; path = Base.lproj/Main.storyboard; sourceTree = "<group>"; };
		8C38228F27AD859500B1FA0F /* Assets.xcassets */ = {isa = PBXFileReference; lastKnownFileType = folder.assetcatalog; path = Assets.xcassets; sourceTree = "<group>"; };
		8C38229227AD859500B1FA0F /* Base */ = {isa = PBXFileReference; lastKnownFileType = file.storyboard; name = Base; path = Base.lproj/LaunchScreen.storyboard; sourceTree = "<group>"; };
		8C38229427AD859500B1FA0F /* Info.plist */ = {isa = PBXFileReference; lastKnownFileType = text.plist.xml; path = Info.plist; sourceTree = "<group>"; };
		8C38229927AD859500B1FA0F /* MyNewsTestTests.xctest */ = {isa = PBXFileReference; explicitFileType = wrapper.cfbundle; includeInIndex = 0; path = MyNewsTestTests.xctest; sourceTree = BUILT_PRODUCTS_DIR; };
		8C38229D27AD859500B1FA0F /* MyNewsTestTests.swift */ = {isa = PBXFileReference; lastKnownFileType = sourcecode.swift; path = MyNewsTestTests.swift; sourceTree = "<group>"; };
		8C3822A327AD859600B1FA0F /* MyNewsTestUITests.xctest */ = {isa = PBXFileReference; explicitFileType = wrapper.cfbundle; includeInIndex = 0; path = MyNewsTestUITests.xctest; sourceTree = BUILT_PRODUCTS_DIR; };
		8C3822A727AD859600B1FA0F /* MyNewsTestUITests.swift */ = {isa = PBXFileReference; lastKnownFileType = sourcecode.swift; path = MyNewsTestUITests.swift; sourceTree = "<group>"; };
		8C3822A927AD859600B1FA0F /* MyNewsTestUITestsLaunchTests.swift */ = {isa = PBXFileReference; lastKnownFileType = sourcecode.swift; path = MyNewsTestUITestsLaunchTests.swift; sourceTree = "<group>"; };
		8C3822B627AD867100B1FA0F /* secondController.swift */ = {isa = PBXFileReference; lastKnownFileType = sourcecode.swift; path = secondController.swift; sourceTree = "<group>"; };
		8C3822BA27AD86BC00B1FA0F /* NetworkLayer.swift */ = {isa = PBXFileReference; lastKnownFileType = sourcecode.swift; path = NetworkLayer.swift; sourceTree = "<group>"; };
		8C3822BC27AD86F300B1FA0F /* ModelForPars.swift */ = {isa = PBXFileReference; lastKnownFileType = sourcecode.swift; path = ModelForPars.swift; sourceTree = "<group>"; };
		8C3822BE27AD876000B1FA0F /* Article.swift */ = {isa = PBXFileReference; lastKnownFileType = sourcecode.swift; path = Article.swift; sourceTree = "<group>"; };
		8C3822C027AD87E000B1FA0F /* TableViewCell.swift */ = {isa = PBXFileReference; lastKnownFileType = sourcecode.swift; path = TableViewCell.swift; sourceTree = "<group>"; };
/* End PBXFileReference section */

/* Begin PBXFrameworksBuildPhase section */
		8C38228027AD859300B1FA0F /* Frameworks */ = {
			isa = PBXFrameworksBuildPhase;
			buildActionMask = 2147483647;
			files = (
			);
			runOnlyForDeploymentPostprocessing = 0;
		};
		8C38229627AD859500B1FA0F /* Frameworks */ = {
			isa = PBXFrameworksBuildPhase;
			buildActionMask = 2147483647;
			files = (
			);
			runOnlyForDeploymentPostprocessing = 0;
		};
		8C3822A027AD859600B1FA0F /* Frameworks */ = {
			isa = PBXFrameworksBuildPhase;
			buildActionMask = 2147483647;
			files = (
			);
			runOnlyForDeploymentPostprocessing = 0;
		};
/* End PBXFrameworksBuildPhase section */

/* Begin PBXGroup section */
		8C38227A27AD859300B1FA0F = {
			isa = PBXGroup;
			children = (
				8C38228527AD859300B1FA0F /* MyNewsTest */,
				8C38229C27AD859500B1FA0F /* MyNewsTestTests */,
				8C3822A627AD859600B1FA0F /* MyNewsTestUITests */,
				8C38228427AD859300B1FA0F /* Products */,
			);
			sourceTree = "<group>";
		};
		8C38228427AD859300B1FA0F /* Products */ = {
			isa = PBXGroup;
			children = (
				8C38228327AD859300B1FA0F /* MyNewsTest.app */,
				8C38229927AD859500B1FA0F /* MyNewsTestTests.xctest */,
				8C3822A327AD859600B1FA0F /* MyNewsTestUITests.xctest */,
			);
			name = Products;
			sourceTree = "<group>";
		};
		8C38228527AD859300B1FA0F /* MyNewsTest */ = {
			isa = PBXGroup;
			children = (
				8C38228627AD859300B1FA0F /* AppDelegate.swift */,
				8C38228827AD859300B1FA0F /* SceneDelegate.swift */,
				8C38228A27AD859300B1FA0F /* ViewController.swift */,
				8C3822C027AD87E000B1FA0F /* TableViewCell.swift */,
				8C3822BA27AD86BC00B1FA0F /* NetworkLayer.swift */,
				8C3822BC27AD86F300B1FA0F /* ModelForPars.swift */,
				8C3822BE27AD876000B1FA0F /* Article.swift */,
				8C3822B627AD867100B1FA0F /* secondController.swift */,
				8C38228C27AD859300B1FA0F /* Main.storyboard */,
				8C38228F27AD859500B1FA0F /* Assets.xcassets */,
				8C38229127AD859500B1FA0F /* LaunchScreen.storyboard */,
				8C38229427AD859500B1FA0F /* Info.plist */,
			);
			path = MyNewsTest;
			sourceTree = "<group>";
		};
		8C38229C27AD859500B1FA0F /* MyNewsTestTests */ = {
			isa = PBXGroup;
			children = (
				8C38229D27AD859500B1FA0F /* MyNewsTestTests.swift */,
			);
			path = MyNewsTestTests;
			sourceTree = "<group>";
		};
		8C3822A627AD859600B1FA0F /* MyNewsTestUITests */ = {
			isa = PBXGroup;
			children = (
				8C3822A727AD859600B1FA0F /* MyNewsTestUITests.swift */,
				8C3822A927AD859600B1FA0F /* MyNewsTestUITestsLaunchTests.swift */,
			);
			path = MyNewsTestUITests;
			sourceTree = "<group>";
		};
/* End PBXGroup section */

/* Begin PBXNativeTarget section */
		8C38228227AD859300B1FA0F /* MyNewsTest */ = {
			isa = PBXNativeTarget;
			buildConfigurationList = 8C3822AD27AD859600B1FA0F /* Build configuration list for PBXNativeTarget "MyNewsTest" */;
			buildPhases = (
				8C38227F27AD859300B1FA0F /* Sources */,
				8C38228027AD859300B1FA0F /* Frameworks */,
				8C38228127AD859300B1FA0F /* Resources */,
			);
			buildRules = (
			);
			dependencies = (
			);
			name = MyNewsTest;
			productName = MyNewsTest;
			productReference = 8C38228327AD859300B1FA0F /* MyNewsTest.app */;
			productType = "com.apple.product-type.application";
		};
		8C38229827AD859500B1FA0F /* MyNewsTestTests */ = {
			isa = PBXNativeTarget;
			buildConfigurationList = 8C3822B027AD859600B1FA0F /* Build configuration list for PBXNativeTarget "MyNewsTestTests" */;
			buildPhases = (
				8C38229527AD859500B1FA0F /* Sources */,
				8C38229627AD859500B1FA0F /* Frameworks */,
				8C38229727AD859500B1FA0F /* Resources */,
			);
			buildRules = (
			);
			dependencies = (
				8C38229B27AD859500B1FA0F /* PBXTargetDependency */,
			);
			name = MyNewsTestTests;
			productName = MyNewsTestTests;
			productReference = 8C38229927AD859500B1FA0F /* MyNewsTestTests.xctest */;
			productType = "com.apple.product-type.bundle.unit-test";
		};
		8C3822A227AD859600B1FA0F /* MyNewsTestUITests */ = {
			isa = PBXNativeTarget;
			buildConfigurationList = 8C3822B327AD859600B1FA0F /* Build configuration list for PBXNativeTarget "MyNewsTestUITests" */;
			buildPhases = (
				8C38229F27AD859600B1FA0F /* Sources */,
				8C3822A027AD859600B1FA0F /* Frameworks */,
				8C3822A127AD859600B1FA0F /* Resources */,
			);
			buildRules = (
			);
			dependencies = (
				8C3822A527AD859600B1FA0F /* PBXTargetDependency */,
			);
			name = MyNewsTestUITests;
			productName = MyNewsTestUITests;
			productReference = 8C3822A327AD859600B1FA0F /* MyNewsTestUITests.xctest */;
			productType = "com.apple.product-type.bundle.ui-testing";
		};
/* End PBXNativeTarget section */

/* Begin PBXProject section */
		8C38227B27AD859300B1FA0F /* Project object */ = {
			isa = PBXProject;
			attributes = {
				BuildIndependentTargetsInParallel = 1;
				LastSwiftUpdateCheck = 1320;
				LastUpgradeCheck = 1320;
				TargetAttributes = {
					8C38228227AD859300B1FA0F = {
						CreatedOnToolsVersion = 13.2.1;
					};
					8C38229827AD859500B1FA0F = {
						CreatedOnToolsVersion = 13.2.1;
						TestTargetID = 8C38228227AD859300B1FA0F;
					};
					8C3822A227AD859600B1FA0F = {
						CreatedOnToolsVersion = 13.2.1;
						TestTargetID = 8C38228227AD859300B1FA0F;
					};
				};
			};
			buildConfigurationList = 8C38227E27AD859300B1FA0F /* Build configuration list for PBXProject "MyNewsTest" */;
			compatibilityVersion = "Xcode 13.0";
			developmentRegion = en;
			hasScannedForEncodings = 0;
			knownRegions = (
				en,
				Base,
			);
			mainGroup = 8C38227A27AD859300B1FA0F;
			productRefGroup = 8C38228427AD859300B1FA0F /* Products */;
			projectDirPath = "";
			projectRoot = "";
			targets = (
				8C38228227AD859300B1FA0F /* MyNewsTest */,
				8C38229827AD859500B1FA0F /* MyNewsTestTests */,
				8C3822A227AD859600B1FA0F /* MyNewsTestUITests */,
			);
		};
/* End PBXProject section */

/* Begin PBXResourcesBuildPhase section */
		8C38228127AD859300B1FA0F /* Resources */ = {
			isa = PBXResourcesBuildPhase;
			buildActionMask = 2147483647;
			files = (
				8C38229327AD859500B1FA0F /* LaunchScreen.storyboard in Resources */,
				8C38229027AD859500B1FA0F /* Assets.xcassets in Resources */,
				8C38228E27AD859300B1FA0F /* Main.storyboard in Resources */,
			);
			runOnlyForDeploymentPostprocessing = 0;
		};
		8C38229727AD859500B1FA0F /* Resources */ = {
			isa = PBXResourcesBuildPhase;
			buildActionMask = 2147483647;
			files = (
			);
			runOnlyForDeploymentPostprocessing = 0;
		};
		8C3822A127AD859600B1FA0F /* Resources */ = {
			isa = PBXResourcesBuildPhase;
			buildActionMask = 2147483647;
			files = (
			);
			runOnlyForDeploymentPostprocessing = 0;
		};
/* End PBXResourcesBuildPhase section */

/* Begin PBXSourcesBuildPhase section */
		8C38227F27AD859300B1FA0F /* Sources */ = {
			isa = PBXSourcesBuildPhase;
			buildActionMask = 2147483647;
			files = (
				8C3822BB27AD86BC00B1FA0F /* NetworkLayer.swift in Sources */,
				8C38228B27AD859300B1FA0F /* ViewController.swift in Sources */,
				8C3822C127AD87E000B1FA0F /* TableViewCell.swift in Sources */,
				8C3822B727AD867100B1FA0F /* secondController.swift in Sources */,
				8C3822BF27AD876000B1FA0F /* Article.swift in Sources */,
				8C38228727AD859300B1FA0F /* AppDelegate.swift in Sources */,
				8C3822BD27AD86F300B1FA0F /* ModelForPars.swift in Sources */,
				8C38228927AD859300B1FA0F /* SceneDelegate.swift in Sources */,
			);
			runOnlyForDeploymentPostprocessing = 0;
		};
		8C38229527AD859500B1FA0F /* Sources */ = {
			isa = PBXSourcesBuildPhase;
			buildActionMask = 2147483647;
			files = (
				8C38229E27AD859500B1FA0F /* MyNewsTestTests.swift in Sources */,
			);
			runOnlyForDeploymentPostprocessing = 0;
		};
		8C38229F27AD859600B1FA0F /* Sources */ = {
			isa = PBXSourcesBuildPhase;
			buildActionMask = 2147483647;
			files = (
				8C3822A827AD859600B1FA0F /* MyNewsTestUITests.swift in Sources */,
				8C3822AA27AD859600B1FA0F /* MyNewsTestUITestsLaunchTests.swift in Sources */,
			);
			runOnlyForDeploymentPostprocessing = 0;
		};
/* End PBXSourcesBuildPhase section */

/* Begin PBXTargetDependency section */
		8C38229B27AD859500B1FA0F /* PBXTargetDependency */ = {
			isa = PBXTargetDependency;
			target = 8C38228227AD859300B1FA0F /* MyNewsTest */;
			targetProxy = 8C38229A27AD859500B1FA0F /* PBXContainerItemProxy */;
		};
		8C3822A527AD859600B1FA0F /* PBXTargetDependency */ = {
			isa = PBXTargetDependency;
			target = 8C38228227AD859300B1FA0F /* MyNewsTest */;
			targetProxy = 8C3822A427AD859600B1FA0F /* PBXContainerItemProxy */;
		};
/* End PBXTargetDependency section */

/* Begin PBXVariantGroup section */
		8C38228C27AD859300B1FA0F /* Main.storyboard */ = {
			isa = PBXVariantGroup;
			children = (
				8C38228D27AD859300B1FA0F /* Base */,
			);
			name = Main.storyboard;
			sourceTree = "<group>";
		};
		8C38229127AD859500B1FA0F /* LaunchScreen.storyboard */ = {
			isa = PBXVariantGroup;
			children = (
				8C38229227AD859500B1FA0F /* Base */,
			);
			name = LaunchScreen.storyboard;
			sourceTree = "<group>";
		};
/* End PBXVariantGroup section */

/* Begin XCBuildConfiguration section */
		8C3822AB27AD859600B1FA0F /* Debug */ = {
			isa = XCBuildConfiguration;
			buildSettings = {
				ALWAYS_SEARCH_USER_PATHS = NO;
				CLANG_ANALYZER_NONNULL = YES;
				CLANG_ANALYZER_NUMBER_OBJECT_CONVERSION = YES_AGGRESSIVE;
				CLANG_CXX_LANGUAGE_STANDARD = "gnu++17";
				CLANG_CXX_LIBRARY = "libc++";
				CLANG_ENABLE_MODULES = YES;
				CLANG_ENABLE_OBJC_ARC = YES;
				CLANG_ENABLE_OBJC_WEAK = YES;
				CLANG_WARN_BLOCK_CAPTURE_AUTORELEASING = YES;
				CLANG_WARN_BOOL_CONVERSION = YES;
				CLANG_WARN_COMMA = YES;
				CLANG_WARN_CONSTANT_CONVERSION = YES;
				CLANG_WARN_DEPRECATED_OBJC_IMPLEMENTATIONS = YES;
				CLANG_WARN_DIRECT_OBJC_ISA_USAGE = YES_ERROR;
				CLANG_WARN_DOCUMENTATION_COMMENTS = YES;
				CLANG_WARN_EMPTY_BODY = YES;
				CLANG_WARN_ENUM_CONVERSION = YES;
				CLANG_WARN_INFINITE_RECURSION = YES;
				CLANG_WARN_INT_CONVERSION = YES;
				CLANG_WARN_NON_LITERAL_NULL_CONVERSION = YES;
				CLANG_WARN_OBJC_IMPLICIT_RETAIN_SELF = YES;
				CLANG_WARN_OBJC_LITERAL_CONVERSION = YES;
				CLANG_WARN_OBJC_ROOT_CLASS = YES_ERROR;
				CLANG_WARN_QUOTED_INCLUDE_IN_FRAMEWORK_HEADER = YES;
				CLANG_WARN_RANGE_LOOP_ANALYSIS = YES;
				CLANG_WARN_STRICT_PROTOTYPES = YES;
				CLANG_WARN_SUSPICIOUS_MOVE = YES;
				CLANG_WARN_UNGUARDED_AVAILABILITY = YES_AGGRESSIVE;
				CLANG_WARN_UNREACHABLE_CODE = YES;
				CLANG_WARN__DUPLICATE_METHOD_MATCH = YES;
				COPY_PHASE_STRIP = NO;
				DEBUG_INFORMATION_FORMAT = dwarf;
				ENABLE_STRICT_OBJC_MSGSEND = YES;
				ENABLE_TESTABILITY = YES;
				GCC_C_LANGUAGE_STANDARD = gnu11;
				GCC_DYNAMIC_NO_PIC = NO;
				GCC_NO_COMMON_BLOCKS = YES;
				GCC_OPTIMIZATION_LEVEL = 0;
				GCC_PREPROCESSOR_DEFINITIONS = (
					"DEBUG=1",
					"$(inherited)",
				);
				GCC_WARN_64_TO_32_BIT_CONVERSION = YES;
				GCC_WARN_ABOUT_RETURN_TYPE = YES_ERROR;
				GCC_WARN_UNDECLARED_SELECTOR = YES;
				GCC_WARN_UNINITIALIZED_AUTOS = YES_AGGRESSIVE;
				GCC_WARN_UNUSED_FUNCTION = YES;
				GCC_WARN_UNUSED_VARIABLE = YES;
				IPHONEOS_DEPLOYMENT_TARGET = 15.2;
				MTL_ENABLE_DEBUG_INFO = INCLUDE_SOURCE;
				MTL_FAST_MATH = YES;
				ONLY_ACTIVE_ARCH = YES;
				SDKROOT = iphoneos;
				SWIFT_ACTIVE_COMPILATION_CONDITIONS = DEBUG;
				SWIFT_OPTIMIZATION_LEVEL = "-Onone";
			};
			name = Debug;
		};
		8C3822AC27AD859600B1FA0F /* Release */ = {
			isa = XCBuildConfiguration;
			buildSettings = {
				ALWAYS_SEARCH_USER_PATHS = NO;
				CLANG_ANALYZER_NONNULL = YES;
				CLANG_ANALYZER_NUMBER_OBJECT_CONVERSION = YES_AGGRESSIVE;
				CLANG_CXX_LANGUAGE_STANDARD = "gnu++17";
				CLANG_CXX_LIBRARY = "libc++";
				CLANG_ENABLE_MODULES = YES;
				CLANG_ENABLE_OBJC_ARC = YES;
				CLANG_ENABLE_OBJC_WEAK = YES;
				CLANG_WARN_BLOCK_CAPTURE_AUTORELEASING = YES;
				CLANG_WARN_BOOL_CONVERSION = YES;
				CLANG_WARN_COMMA = YES;
				CLANG_WARN_CONSTANT_CONVERSION = YES;
				CLANG_WARN_DEPRECATED_OBJC_IMPLEMENTATIONS = YES;
				CLANG_WARN_DIRECT_OBJC_ISA_USAGE = YES_ERROR;
				CLANG_WARN_DOCUMENTATION_COMMENTS = YES;
				CLANG_WARN_EMPTY_BODY = YES;
				CLANG_WARN_ENUM_CONVERSION = YES;
				CLANG_WARN_INFINITE_RECURSION = YES;
				CLANG_WARN_INT_CONVERSION = YES;
				CLANG_WARN_NON_LITERAL_NULL_CONVERSION = YES;
				CLANG_WARN_OBJC_IMPLICIT_RETAIN_SELF = YES;
				CLANG_WARN_OBJC_LITERAL_CONVERSION = YES;
				CLANG_WARN_OBJC_ROOT_CLASS = YES_ERROR;
				CLANG_WARN_QUOTED_INCLUDE_IN_FRAMEWORK_HEADER = YES;
				CLANG_WARN_RANGE_LOOP_ANALYSIS = YES;
				CLANG_WARN_STRICT_PROTOTYPES = YES;
				CLANG_WARN_SUSPICIOUS_MOVE = YES;
				CLANG_WARN_UNGUARDED_AVAILABILITY = YES_AGGRESSIVE;
				CLANG_WARN_UNREACHABLE_CODE = YES;
				CLANG_WARN__DUPLICATE_METHOD_MATCH = YES;
				COPY_PHASE_STRIP = NO;
				DEBUG_INFORMATION_FORMAT = "dwarf-with-dsym";
				ENABLE_NS_ASSERTIONS = NO;
				ENABLE_STRICT_OBJC_MSGSEND = YES;
				GCC_C_LANGUAGE_STANDARD = gnu11;
				GCC_NO_COMMON_BLOCKS = YES;
				GCC_WARN_64_TO_32_BIT_CONVERSION = YES;
				GCC_WARN_ABOUT_RETURN_TYPE = YES_ERROR;
				GCC_WARN_UNDECLARED_SELECTOR = YES;
				GCC_WARN_UNINITIALIZED_AUTOS = YES_AGGRESSIVE;
				GCC_WARN_UNUSED_FUNCTION = YES;
				GCC_WARN_UNUSED_VARIABLE = YES;
				IPHONEOS_DEPLOYMENT_TARGET = 15.2;
				MTL_ENABLE_DEBUG_INFO = NO;
				MTL_FAST_MATH = YES;
				SDKROOT = iphoneos;
				SWIFT_COMPILATION_MODE = wholemodule;
				SWIFT_OPTIMIZATION_LEVEL = "-O";
				VALIDATE_PRODUCT = YES;
			};
			name = Release;
		};
		8C3822AE27AD859600B1FA0F /* Debug */ = {
			isa = XCBuildConfiguration;
			buildSettings = {
				ASSETCATALOG_COMPILER_APPICON_NAME = AppIcon;
				ASSETCATALOG_COMPILER_GLOBAL_ACCENT_COLOR_NAME = AccentColor;
				CODE_SIGN_STYLE = Automatic;
				CURRENT_PROJECT_VERSION = 1;
				DEVELOPMENT_TEAM = C5YF5J9V8N;
				GENERATE_INFOPLIST_FILE = YES;
				INFOPLIST_FILE = MyNewsTest/Info.plist;
				INFOPLIST_KEY_UIApplicationSupportsIndirectInputEvents = YES;
				INFOPLIST_KEY_UILaunchStoryboardName = LaunchScreen;
				INFOPLIST_KEY_UIMainStoryboardFile = Main;
				INFOPLIST_KEY_UISupportedInterfaceOrientations_iPad = "UIInterfaceOrientationPortrait UIInterfaceOrientationPortraitUpsideDown UIInterfaceOrientationLandscapeLeft UIInterfaceOrientationLandscapeRight";
				INFOPLIST_KEY_UISupportedInterfaceOrientations_iPhone = "UIInterfaceOrientationPortrait UIInterfaceOrientationLandscapeLeft UIInterfaceOrientationLandscapeRight";
				LD_RUNPATH_SEARCH_PATHS = (
					"$(inherited)",
					"@executable_path/Frameworks",
				);
				MARKETING_VERSION = 1.0;
				PRODUCT_BUNDLE_IDENTIFIER = comndrt.MyNewsTest;
				PRODUCT_NAME = "$(TARGET_NAME)";
				SWIFT_EMIT_LOC_STRINGS = YES;
				SWIFT_VERSION = 5.0;
				TARGETED_DEVICE_FAMILY = "1,2";
			};
			name = Debug;
		};
		8C3822AF27AD859600B1FA0F /* Release */ = {
			isa = XCBuildConfiguration;
			buildSettings = {
				ASSETCATALOG_COMPILER_APPICON_NAME = AppIcon;
				ASSETCATALOG_COMPILER_GLOBAL_ACCENT_COLOR_NAME = AccentColor;
				CODE_SIGN_STYLE = Automatic;
				CURRENT_PROJECT_VERSION = 1;
				DEVELOPMENT_TEAM = C5YF5J9V8N;
				GENERATE_INFOPLIST_FILE = YES;
				INFOPLIST_FILE = MyNewsTest/Info.plist;
				INFOPLIST_KEY_UIApplicationSupportsIndirectInputEvents = YES;
				INFOPLIST_KEY_UILaunchStoryboardName = LaunchScreen;
				INFOPLIST_KEY_UIMainStoryboardFile = Main;
				INFOPLIST_KEY_UISupportedInterfaceOrientations_iPad = "UIInterfaceOrientationPortrait UIInterfaceOrientationPortraitUpsideDown UIInterfaceOrientationLandscapeLeft UIInterfaceOrientationLandscapeRight";
				INFOPLIST_KEY_UISupportedInterfaceOrientations_iPhone = "UIInterfaceOrientationPortrait UIInterfaceOrientationLandscapeLeft UIInterfaceOrientationLandscapeRight";
				LD_RUNPATH_SEARCH_PATHS = (
					"$(inherited)",
					"@executable_path/Frameworks",
				);
				MARKETING_VERSION = 1.0;
				PRODUCT_BUNDLE_IDENTIFIER = comndrt.MyNewsTest;
				PRODUCT_NAME = "$(TARGET_NAME)";
				SWIFT_EMIT_LOC_STRINGS = YES;
				SWIFT_VERSION = 5.0;
				TARGETED_DEVICE_FAMILY = "1,2";
			};
			name = Release;
		};
		8C3822B127AD859600B1FA0F /* Debug */ = {
			isa = XCBuildConfiguration;
			buildSettings = {
				ALWAYS_EMBED_SWIFT_STANDARD_LIBRARIES = YES;
				BUNDLE_LOADER = "$(TEST_HOST)";
				CODE_SIGN_STYLE = Automatic;
				CURRENT_PROJECT_VERSION = 1;
				DEVELOPMENT_TEAM = C5YF5J9V8N;
				GENERATE_INFOPLIST_FILE = YES;
				IPHONEOS_DEPLOYMENT_TARGET = 15.2;
				MARKETING_VERSION = 1.0;
				PRODUCT_BUNDLE_IDENTIFIER = comndrt.MyNewsTestTests;
				PRODUCT_NAME = "$(TARGET_NAME)";
				SWIFT_EMIT_LOC_STRINGS = NO;
				SWIFT_VERSION = 5.0;
				TARGETED_DEVICE_FAMILY = "1,2";
				TEST_HOST = "$(BUILT_PRODUCTS_DIR)/MyNewsTest.app/MyNewsTest";
			};
			name = Debug;
		};
		8C3822B227AD859600B1FA0F /* Release */ = {
			isa = XCBuildConfiguration;
			buildSettings = {
				ALWAYS_EMBED_SWIFT_STANDARD_LIBRARIES = YES;
				BUNDLE_LOADER = "$(TEST_HOST)";
				CODE_SIGN_STYLE = Automatic;
				CURRENT_PROJECT_VERSION = 1;
				DEVELOPMENT_TEAM = C5YF5J9V8N;
				GENERATE_INFOPLIST_FILE = YES;
				IPHONEOS_DEPLOYMENT_TARGET = 15.2;
				MARKETING_VERSION = 1.0;
				PRODUCT_BUNDLE_IDENTIFIER = comndrt.MyNewsTestTests;
				PRODUCT_NAME = "$(TARGET_NAME)";
				SWIFT_EMIT_LOC_STRINGS = NO;
				SWIFT_VERSION = 5.0;
				TARGETED_DEVICE_FAMILY = "1,2";
				TEST_HOST = "$(BUILT_PRODUCTS_DIR)/MyNewsTest.app/MyNewsTest";
			};
			name = Release;
		};
		8C3822B427AD859600B1FA0F /* Debug */ = {
			isa = XCBuildConfiguration;
			buildSettings = {
				ALWAYS_EMBED_SWIFT_STANDARD_LIBRARIES = YES;
				CODE_SIGN_STYLE = Automatic;
				CURRENT_PROJECT_VERSION = 1;
				DEVELOPMENT_TEAM = C5YF5J9V8N;
				GENERATE_INFOPLIST_FILE = YES;
				MARKETING_VERSION = 1.0;
				PRODUCT_BUNDLE_IDENTIFIER = comndrt.MyNewsTestUITests;
				PRODUCT_NAME = "$(TARGET_NAME)";
				SWIFT_EMIT_LOC_STRINGS = NO;
				SWIFT_VERSION = 5.0;
				TARGETED_DEVICE_FAMILY = "1,2";
				TEST_TARGET_NAME = MyNewsTest;
			};
			name = Debug;
		};
		8C3822B527AD859600B1FA0F /* Release */ = {
			isa = XCBuildConfiguration;
			buildSettings = {
				ALWAYS_EMBED_SWIFT_STANDARD_LIBRARIES = YES;
				CODE_SIGN_STYLE = Automatic;
				CURRENT_PROJECT_VERSION = 1;
				DEVELOPMENT_TEAM = C5YF5J9V8N;
				GENERATE_INFOPLIST_FILE = YES;
				MARKETING_VERSION = 1.0;
				PRODUCT_BUNDLE_IDENTIFIER = comndrt.MyNewsTestUITests;
				PRODUCT_NAME = "$(TARGET_NAME)";
				SWIFT_EMIT_LOC_STRINGS = NO;
				SWIFT_VERSION = 5.0;
				TARGETED_DEVICE_FAMILY = "1,2";
				TEST_TARGET_NAME = MyNewsTest;
			};
			name = Release;
		};
/* End XCBuildConfiguration section */

/* Begin XCConfigurationList section */
		8C38227E27AD859300B1FA0F /* Build configuration list for PBXProject "MyNewsTest" */ = {
			isa = XCConfigurationList;
			buildConfigurations = (
				8C3822AB27AD859600B1FA0F /* Debug */,
				8C3822AC27AD859600B1FA0F /* Release */,
			);
			defaultConfigurationIsVisible = 0;
			defaultConfigurationName = Release;
		};
		8C3822AD27AD859600B1FA0F /* Build configuration list for PBXNativeTarget "MyNewsTest" */ = {
			isa = XCConfigurationList;
			buildConfigurations = (
				8C3822AE27AD859600B1FA0F /* Debug */,
				8C3822AF27AD859600B1FA0F /* Release */,
			);
			defaultConfigurationIsVisible = 0;
			defaultConfigurationName = Release;
		};
		8C3822B027AD859600B1FA0F /* Build configuration list for PBXNativeTarget "MyNewsTestTests" */ = {
			isa = XCConfigurationList;
			buildConfigurations = (
				8C3822B127AD859600B1FA0F /* Debug */,
				8C3822B227AD859600B1FA0F /* Release */,
			);
			defaultConfigurationIsVisible = 0;
			defaultConfigurationName = Release;
		};
		8C3822B327AD859600B1FA0F /* Build configuration list for PBXNativeTarget "MyNewsTestUITests" */ = {
			isa = XCConfigurationList;
			buildConfigurations = (
				8C3822B427AD859600B1FA0F /* Debug */,
				8C3822B527AD859600B1FA0F /* Release */,
			);
			defaultConfigurationIsVisible = 0;
			defaultConfigurationName = Release;
		};
/* End XCConfigurationList section */
	};
	rootObject = 8C38227B27AD859300B1FA0F /* Project object */;
}
